# This file is automatically @generated by Cargo.
# It is not intended for manual editing.
version = 3

[[package]]
name = "cpuid"
version = "0.1.1"
source = "registry+https://github.com/rust-lang/crates.io-index"
checksum = "a0c4b055219ace68cabfbb8071c4aad068565d11b67e092e151b17b9fd3bdba9"
dependencies = [
 "libc",
]

[[package]]
name = "cpuid-test"
version = "0.1.0"
dependencies = [
 "cpuid",
]

[[package]]
name = "libc"
version = "0.2.146"
source = "registry+https://github.com/rust-lang/crates.io-index"
checksum = "f92be4933c13fd498862a9e02a3055f8a8d9c039ce33db97306fd5a6caa7f29b"
