# This file is automatically @generated by Cargo.
# It is not intended for manual editing.
version = 3

[[package]]
name = "memchr"
version = "2.5.0"
source = "registry+https://github.com/rust-lang/crates.io-index"
checksum = "2dffe52ecf27772e601905b7522cb4ef790d2cc203488bbd0e2fe85fcb74566d"

[[package]]
name = "quick-xml"
version = "0.24.0"
source = "registry+https://github.com/rust-lang/crates.io-index"
checksum = "678404d55890514fa1c01fe98cf280b674db93944fdcb70310dd3be1d0d63be7"
dependencies = [
 "memchr",
]

[[package]]
name = "xml-learn"
version = "0.1.0"
dependencies = [
 "quick-xml",
]
